// !$*UTF8*$!
{
	archiveVersion = 1;
	classes = {
	};
	objectVersion = 55;
	objects = {

/* Begin PBXBuildFile section */
		A917749B2844654100ECA38B /* ContentView.swift in Sources */ = {isa = PBXBuildFile; fileRef = A917749A2844654100ECA38B /* ContentView.swift */; };
		A917749D2844654200ECA38B /* Assets.xcassets in Resources */ = {isa = PBXBuildFile; fileRef = A917749C2844654200ECA38B /* Assets.xcassets */; };
		A91774AF284468BD00ECA38B /* AppDelegate.swift in Sources */ = {isa = PBXBuildFile; fileRef = A91774AE284468BD00ECA38B /* AppDelegate.swift */; };
		A91774B3284468CD00ECA38B /* SceneDelegate.swift in Sources */ = {isa = PBXBuildFile; fileRef = A91774B1284468CD00ECA38B /* SceneDelegate.swift */; };
		A91774BB28446A7600ECA38B /* ResponsiveAdController.swift in Sources */ = {isa = PBXBuildFile; fileRef = A91774BA28446A7600ECA38B /* ResponsiveAdController.swift */; };
		A91774C9284472E400ECA38B /* LaunchScreen.storyboard in Resources */ = {isa = PBXBuildFile; fileRef = A91774C7284472B900ECA38B /* LaunchScreen.storyboard */; };
		A91774CA284472E400ECA38B /* Main.storyboard in Resources */ = {isa = PBXBuildFile; fileRef = A91774C8284472BD00ECA38B /* Main.storyboard */; };
		A9AE99F6286EB360004287DF /* Pods_AdFixusMobileFrameworkTest.framework in Frameworks */ = {isa = PBXBuildFile; fileRef = A9AE99F5286EB360004287DF /* Pods_AdFixusMobileFrameworkTest.framework */; };
		A9AE99F7286EB36D004287DF /* Pods_AdFixusMobileFrameworkTest.framework in Embed Frameworks */ = {isa = PBXBuildFile; fileRef = A9AE99F5286EB360004287DF /* Pods_AdFixusMobileFrameworkTest.framework */; settings = {ATTRIBUTES = (CodeSignOnCopy, RemoveHeadersOnCopy, ); }; };
		A9EF668528977BA8007A44F0 /* AdFixusMobileFramework.xcframework in Frameworks */ = {isa = PBXBuildFile; fileRef = A9EF668428977BA8007A44F0 /* AdFixusMobileFramework.xcframework */; };
/* End PBXBuildFile section */

/* Begin PBXCopyFilesBuildPhase section */
		A9AE99EF286EB1A4004287DF /* Embed Frameworks */ = {
			isa = PBXCopyFilesBuildPhase;
			buildActionMask = 2147483647;
			dstPath = "";
			dstSubfolderSpec = 10;
			files = (
				A9AE99F7286EB36D004287DF /* Pods_AdFixusMobileFrameworkTest.framework in Embed Frameworks */,
			);
			name = "Embed Frameworks";
			runOnlyForDeploymentPostprocessing = 0;
		};
/* End PBXCopyFilesBuildPhase section */

/* Begin PBXFileReference section */
		3AAF525B1AA95EF41F318493 /* Pods-AdFixusMobileFrameworkTest.debug.xcconfig */ = {isa = PBXFileReference; includeInIndex = 1; lastKnownFileType = text.xcconfig; name = "Pods-AdFixusMobileFrameworkTest.debug.xcconfig"; path = "Target Support Files/Pods-AdFixusMobileFrameworkTest/Pods-AdFixusMobileFrameworkTest.debug.xcconfig"; sourceTree = "<group>"; };
		7AE275AD196F11976DA3A6E2 /* Pods-AdFixusMobileFrameworkTest.release.xcconfig */ = {isa = PBXFileReference; includeInIndex = 1; lastKnownFileType = text.xcconfig; name = "Pods-AdFixusMobileFrameworkTest.release.xcconfig"; path = "Target Support Files/Pods-AdFixusMobileFrameworkTest/Pods-AdFixusMobileFrameworkTest.release.xcconfig"; sourceTree = "<group>"; };
		A91774952844654100ECA38B /* AdFixusMobileFrameworkTest.app */ = {isa = PBXFileReference; explicitFileType = wrapper.application; includeInIndex = 0; path = AdFixusMobileFrameworkTest.app; sourceTree = BUILT_PRODUCTS_DIR; };
		A917749A2844654100ECA38B /* ContentView.swift */ = {isa = PBXFileReference; lastKnownFileType = sourcecode.swift; path = ContentView.swift; sourceTree = "<group>"; };
		A917749C2844654200ECA38B /* Assets.xcassets */ = {isa = PBXFileReference; lastKnownFileType = folder.assetcatalog; path = Assets.xcassets; sourceTree = "<group>"; };
		A91774AE284468BD00ECA38B /* AppDelegate.swift */ = {isa = PBXFileReference; fileEncoding = 4; lastKnownFileType = sourcecode.swift; path = AppDelegate.swift; sourceTree = "<group>"; };
		A91774B1284468CD00ECA38B /* SceneDelegate.swift */ = {isa = PBXFileReference; fileEncoding = 4; lastKnownFileType = sourcecode.swift; path = SceneDelegate.swift; sourceTree = "<group>"; };
		A91774B8284469CE00ECA38B /* Info.plist */ = {isa = PBXFileReference; fileEncoding = 4; lastKnownFileType = text.plist.xml; path = Info.plist; sourceTree = "<group>"; };
		A91774BA28446A7600ECA38B /* ResponsiveAdController.swift */ = {isa = PBXFileReference; fileEncoding = 4; lastKnownFileType = sourcecode.swift; path = ResponsiveAdController.swift; sourceTree = "<group>"; };
		A91774C7284472B900ECA38B /* LaunchScreen.storyboard */ = {isa = PBXFileReference; lastKnownFileType = file.storyboard; name = LaunchScreen.storyboard; path = Base.lproj/LaunchScreen.storyboard; sourceTree = "<group>"; };
		A91774C8284472BD00ECA38B /* Main.storyboard */ = {isa = PBXFileReference; lastKnownFileType = file.storyboard; name = Main.storyboard; path = Base.lproj/Main.storyboard; sourceTree = "<group>"; };
		A9AE99F5286EB360004287DF /* Pods_AdFixusMobileFrameworkTest.framework */ = {isa = PBXFileReference; explicitFileType = wrapper.framework; path = Pods_AdFixusMobileFrameworkTest.framework; sourceTree = BUILT_PRODUCTS_DIR; };
		A9EF668428977BA8007A44F0 /* AdFixusMobileFramework.xcframework */ = {isa = PBXFileReference; lastKnownFileType = wrapper.xcframework; path = AdFixusMobileFramework.xcframework; sourceTree = "<group>"; };
/* End PBXFileReference section */

/* Begin PBXFrameworksBuildPhase section */
		A91774922844654100ECA38B /* Frameworks */ = {
			isa = PBXFrameworksBuildPhase;
			buildActionMask = 2147483647;
			files = (
				A9AE99F6286EB360004287DF /* Pods_AdFixusMobileFrameworkTest.framework in Frameworks */,
				A9EF668528977BA8007A44F0 /* AdFixusMobileFramework.xcframework in Frameworks */,
			);
			runOnlyForDeploymentPostprocessing = 0;
		};
/* End PBXFrameworksBuildPhase section */

/* Begin PBXGroup section */
		60DFD026A0631B70A107A7AE /* Pods */ = {
			isa = PBXGroup;
			children = (
				3AAF525B1AA95EF41F318493 /* Pods-AdFixusMobileFrameworkTest.debug.xcconfig */,
				7AE275AD196F11976DA3A6E2 /* Pods-AdFixusMobileFrameworkTest.release.xcconfig */,
			);
			path = Pods;
			sourceTree = "<group>";
		};
		A917748C2844654100ECA38B = {
			isa = PBXGroup;
			children = (
				A91774972844654100ECA38B /* AdFixusMobileFrameworkTest */,
				A91774962844654100ECA38B /* Products */,
				60DFD026A0631B70A107A7AE /* Pods */,
				D5AB8E847A2ECE2F0236EDB0 /* Frameworks */,
			);
			sourceTree = "<group>";
		};
		A91774962844654100ECA38B /* Products */ = {
			isa = PBXGroup;
			children = (
				A91774952844654100ECA38B /* AdFixusMobileFrameworkTest.app */,
			);
			name = Products;
			sourceTree = "<group>";
		};
		A91774972844654100ECA38B /* AdFixusMobileFrameworkTest */ = {
			isa = PBXGroup;
			children = (
				A91774AE284468BD00ECA38B /* AppDelegate.swift */,
				A917749C2844654200ECA38B /* Assets.xcassets */,
				A917749A2844654100ECA38B /* ContentView.swift */,
				A91774B8284469CE00ECA38B /* Info.plist */,
				A91774C7284472B900ECA38B /* LaunchScreen.storyboard */,
				A91774C8284472BD00ECA38B /* Main.storyboard */,
				A91774BA28446A7600ECA38B /* ResponsiveAdController.swift */,
				A91774B1284468CD00ECA38B /* SceneDelegate.swift */,
			);
			path = AdFixusMobileFrameworkTest;
			sourceTree = "<group>";
		};
		D5AB8E847A2ECE2F0236EDB0 /* Frameworks */ = {
			isa = PBXGroup;
			children = (
				A9EF668428977BA8007A44F0 /* AdFixusMobileFramework.xcframework */,
				A9AE99F5286EB360004287DF /* Pods_AdFixusMobileFrameworkTest.framework */,
			);
			name = Frameworks;
			sourceTree = "<group>";
		};
/* End PBXGroup section */

/* Begin PBXNativeTarget section */
		A91774942844654100ECA38B /* AdFixusMobileFrameworkTest */ = {
			isa = PBXNativeTarget;
			buildConfigurationList = A91774A32844654200ECA38B /* Build configuration list for PBXNativeTarget "AdFixusMobileFrameworkTest" */;
			buildPhases = (
				9668869C19E62435BBF13D79 /* [CP] Check Pods Manifest.lock */,
				A91774912844654100ECA38B /* Sources */,
				A91774922844654100ECA38B /* Frameworks */,
				A91774932844654100ECA38B /* Resources */,
				67EAD3FE5EB942F6E9EDBD7E /* [CP] Embed Pods Frameworks */,
				A9AE99EF286EB1A4004287DF /* Embed Frameworks */,
			);
			buildRules = (
			);
			dependencies = (
			);
			name = AdFixusMobileFrameworkTest;
			productName = AdFixusMobileFrameworkTest;
			productReference = A91774952844654100ECA38B /* AdFixusMobileFrameworkTest.app */;
			productType = "com.apple.product-type.application";
		};
/* End PBXNativeTarget section */

/* Begin PBXProject section */
		A917748D2844654100ECA38B /* Project object */ = {
			isa = PBXProject;
			attributes = {
				BuildIndependentTargetsInParallel = 1;
				LastSwiftUpdateCheck = 1330;
				LastUpgradeCheck = 1330;
				TargetAttributes = {
					A91774942844654100ECA38B = {
						CreatedOnToolsVersion = 13.3.1;
					};
				};
			};
			buildConfigurationList = A91774902844654100ECA38B /* Build configuration list for PBXProject "AdFixusMobileFrameworkTest" */;
			compatibilityVersion = "Xcode 13.0";
			developmentRegion = en;
			hasScannedForEncodings = 0;
			knownRegions = (
				en,
				Base,
			);
			mainGroup = A917748C2844654100ECA38B;
			productRefGroup = A91774962844654100ECA38B /* Products */;
			projectDirPath = "";
			projectRoot = "";
			targets = (
				A91774942844654100ECA38B /* AdFixusMobileFrameworkTest */,
			);
		};
/* End PBXProject section */

/* Begin PBXResourcesBuildPhase section */
		A91774932844654100ECA38B /* Resources */ = {
			isa = PBXResourcesBuildPhase;
			buildActionMask = 2147483647;
			files = (
				A91774C9284472E400ECA38B /* LaunchScreen.storyboard in Resources */,
				A91774CA284472E400ECA38B /* Main.storyboard in Resources */,
				A917749D2844654200ECA38B /* Assets.xcassets in Resources */,
			);
			runOnlyForDeploymentPostprocessing = 0;
		};
/* End PBXResourcesBuildPhase section */

/* Begin PBXShellScriptBuildPhase section */
		67EAD3FE5EB942F6E9EDBD7E /* [CP] Embed Pods Frameworks */ = {
			isa = PBXShellScriptBuildPhase;
			buildActionMask = 2147483647;
			files = (
			);
			inputFileListPaths = (
				"${PODS_ROOT}/Target Support Files/Pods-AdFixusMobileFrameworkTest/Pods-AdFixusMobileFrameworkTest-frameworks-${CONFIGURATION}-input-files.xcfilelist",
			);
			name = "[CP] Embed Pods Frameworks";
			outputFileListPaths = (
				"${PODS_ROOT}/Target Support Files/Pods-AdFixusMobileFrameworkTest/Pods-AdFixusMobileFrameworkTest-frameworks-${CONFIGURATION}-output-files.xcfilelist",
			);
			runOnlyForDeploymentPostprocessing = 0;
			shellPath = /bin/sh;
			shellScript = "\"${PODS_ROOT}/Target Support Files/Pods-AdFixusMobileFrameworkTest/Pods-AdFixusMobileFrameworkTest-frameworks.sh\"\n";
			showEnvVarsInLog = 0;
		};
		9668869C19E62435BBF13D79 /* [CP] Check Pods Manifest.lock */ = {
			isa = PBXShellScriptBuildPhase;
			buildActionMask = 2147483647;
			files = (
			);
			inputFileListPaths = (
			);
			inputPaths = (
				"${PODS_PODFILE_DIR_PATH}/Podfile.lock",
				"${PODS_ROOT}/Manifest.lock",
			);
			name = "[CP] Check Pods Manifest.lock";
			outputFileListPaths = (
			);
			outputPaths = (
				"$(DERIVED_FILE_DIR)/Pods-AdFixusMobileFrameworkTest-checkManifestLockResult.txt",
			);
			runOnlyForDeploymentPostprocessing = 0;
			shellPath = /bin/sh;
			shellScript = "diff \"${PODS_PODFILE_DIR_PATH}/Podfile.lock\" \"${PODS_ROOT}/Manifest.lock\" > /dev/null\nif [ $? != 0 ] ; then\n    # print error to STDERR\n    echo \"error: The sandbox is not in sync with the Podfile.lock. Run 'pod install' or update your CocoaPods installation.\" >&2\n    exit 1\nfi\n# This output is used by Xcode 'outputs' to avoid re-running this script phase.\necho \"SUCCESS\" > \"${SCRIPT_OUTPUT_FILE_0}\"\n";
			showEnvVarsInLog = 0;
		};
/* End PBXShellScriptBuildPhase section */

/* Begin PBXSourcesBuildPhase section */
		A91774912844654100ECA38B /* Sources */ = {
			isa = PBXSourcesBuildPhase;
			buildActionMask = 2147483647;
			files = (
				A91774AF284468BD00ECA38B /* AppDelegate.swift in Sources */,
				A917749B2844654100ECA38B /* ContentView.swift in Sources */,
				A91774BB28446A7600ECA38B /* ResponsiveAdController.swift in Sources */,
				A91774B3284468CD00ECA38B /* SceneDelegate.swift in Sources */,
			);
			runOnlyForDeploymentPostprocessing = 0;
		};
/* End PBXSourcesBuildPhase section */

/* Begin XCBuildConfiguration section */
		A91774A12844654200ECA38B /* Debug */ = {
			isa = XCBuildConfiguration;
			buildSettings = {
				ALWAYS_SEARCH_USER_PATHS = NO;
				CLANG_ANALYZER_NONNULL = YES;
				CLANG_ANALYZER_NUMBER_OBJECT_CONVERSION = YES_AGGRESSIVE;
				CLANG_CXX_LANGUAGE_STANDARD = "gnu++17";
				CLANG_ENABLE_MODULES = YES;
				CLANG_ENABLE_OBJC_ARC = YES;
				CLANG_ENABLE_OBJC_WEAK = YES;
				CLANG_WARN_BLOCK_CAPTURE_AUTORELEASING = YES;
				CLANG_WARN_BOOL_CONVERSION = YES;
				CLANG_WARN_COMMA = YES;
				CLANG_WARN_CONSTANT_CONVERSION = YES;
				CLANG_WARN_DEPRECATED_OBJC_IMPLEMENTATIONS = YES;
				CLANG_WARN_DIRECT_OBJC_ISA_USAGE = YES_ERROR;
				CLANG_WARN_DOCUMENTATION_COMMENTS = YES;
				CLANG_WARN_EMPTY_BODY = YES;
				CLANG_WARN_ENUM_CONVERSION = YES;
				CLANG_WARN_INFINITE_RECURSION = YES;
				CLANG_WARN_INT_CONVERSION = YES;
				CLANG_WARN_NON_LITERAL_NULL_CONVERSION = YES;
				CLANG_WARN_OBJC_IMPLICIT_RETAIN_SELF = YES;
				CLANG_WARN_OBJC_LITERAL_CONVERSION = YES;
				CLANG_WARN_OBJC_ROOT_CLASS = YES_ERROR;
				CLANG_WARN_QUOTED_INCLUDE_IN_FRAMEWORK_HEADER = YES;
				CLANG_WARN_RANGE_LOOP_ANALYSIS = YES;
				CLANG_WARN_STRICT_PROTOTYPES = YES;
				CLANG_WARN_SUSPICIOUS_MOVE = YES;
				CLANG_WARN_UNGUARDED_AVAILABILITY = YES_AGGRESSIVE;
				CLANG_WARN_UNREACHABLE_CODE = YES;
				CLANG_WARN__DUPLICATE_METHOD_MATCH = YES;
				COPY_PHASE_STRIP = NO;
				DEBUG_INFORMATION_FORMAT = dwarf;
				ENABLE_STRICT_OBJC_MSGSEND = YES;
				ENABLE_TESTABILITY = YES;
				GCC_C_LANGUAGE_STANDARD = gnu11;
				GCC_DYNAMIC_NO_PIC = NO;
				GCC_NO_COMMON_BLOCKS = YES;
				GCC_OPTIMIZATION_LEVEL = 0;
				GCC_PREPROCESSOR_DEFINITIONS = (
					"DEBUG=1",
					"$(inherited)",
				);
				GCC_WARN_64_TO_32_BIT_CONVERSION = YES;
				GCC_WARN_ABOUT_RETURN_TYPE = YES_ERROR;
				GCC_WARN_UNDECLARED_SELECTOR = YES;
				GCC_WARN_UNINITIALIZED_AUTOS = YES_AGGRESSIVE;
				GCC_WARN_UNUSED_FUNCTION = YES;
				GCC_WARN_UNUSED_VARIABLE = YES;
				IPHONEOS_DEPLOYMENT_TARGET = 13.0;
				MTL_ENABLE_DEBUG_INFO = INCLUDE_SOURCE;
				MTL_FAST_MATH = YES;
				ONLY_ACTIVE_ARCH = YES;
				SDKROOT = iphoneos;
				SWIFT_ACTIVE_COMPILATION_CONDITIONS = DEBUG;
				SWIFT_OPTIMIZATION_LEVEL = "-Onone";
			};
			name = Debug;
		};
		A91774A22844654200ECA38B /* Release */ = {
			isa = XCBuildConfiguration;
			buildSettings = {
				ALWAYS_SEARCH_USER_PATHS = NO;
				CLANG_ANALYZER_NONNULL = YES;
				CLANG_ANALYZER_NUMBER_OBJECT_CONVERSION = YES_AGGRESSIVE;
				CLANG_CXX_LANGUAGE_STANDARD = "gnu++17";
				CLANG_ENABLE_MODULES = YES;
				CLANG_ENABLE_OBJC_ARC = YES;
				CLANG_ENABLE_OBJC_WEAK = YES;
				CLANG_WARN_BLOCK_CAPTURE_AUTORELEASING = YES;
				CLANG_WARN_BOOL_CONVERSION = YES;
				CLANG_WARN_COMMA = YES;
				CLANG_WARN_CONSTANT_CONVERSION = YES;
				CLANG_WARN_DEPRECATED_OBJC_IMPLEMENTATIONS = YES;
				CLANG_WARN_DIRECT_OBJC_ISA_USAGE = YES_ERROR;
				CLANG_WARN_DOCUMENTATION_COMMENTS = YES;
				CLANG_WARN_EMPTY_BODY = YES;
				CLANG_WARN_ENUM_CONVERSION = YES;
				CLANG_WARN_INFINITE_RECURSION = YES;
				CLANG_WARN_INT_CONVERSION = YES;
				CLANG_WARN_NON_LITERAL_NULL_CONVERSION = YES;
				CLANG_WARN_OBJC_IMPLICIT_RETAIN_SELF = YES;
				CLANG_WARN_OBJC_LITERAL_CONVERSION = YES;
				CLANG_WARN_OBJC_ROOT_CLASS = YES_ERROR;
				CLANG_WARN_QUOTED_INCLUDE_IN_FRAMEWORK_HEADER = YES;
				CLANG_WARN_RANGE_LOOP_ANALYSIS = YES;
				CLANG_WARN_STRICT_PROTOTYPES = YES;
				CLANG_WARN_SUSPICIOUS_MOVE = YES;
				CLANG_WARN_UNGUARDED_AVAILABILITY = YES_AGGRESSIVE;
				CLANG_WARN_UNREACHABLE_CODE = YES;
				CLANG_WARN__DUPLICATE_METHOD_MATCH = YES;
				COPY_PHASE_STRIP = NO;
				DEBUG_INFORMATION_FORMAT = "dwarf-with-dsym";
				ENABLE_NS_ASSERTIONS = NO;
				ENABLE_STRICT_OBJC_MSGSEND = YES;
				GCC_C_LANGUAGE_STANDARD = gnu11;
				GCC_NO_COMMON_BLOCKS = YES;
				GCC_WARN_64_TO_32_BIT_CONVERSION = YES;
				GCC_WARN_ABOUT_RETURN_TYPE = YES_ERROR;
				GCC_WARN_UNDECLARED_SELECTOR = YES;
				GCC_WARN_UNINITIALIZED_AUTOS = YES_AGGRESSIVE;
				GCC_WARN_UNUSED_FUNCTION = YES;
				GCC_WARN_UNUSED_VARIABLE = YES;
				IPHONEOS_DEPLOYMENT_TARGET = 13.0;
				MTL_ENABLE_DEBUG_INFO = NO;
				MTL_FAST_MATH = YES;
				SDKROOT = iphoneos;
				SWIFT_COMPILATION_MODE = wholemodule;
				SWIFT_OPTIMIZATION_LEVEL = "-O";
				VALIDATE_PRODUCT = YES;
			};
			name = Release;
		};
		A91774A42844654200ECA38B /* Debug */ = {
			isa = XCBuildConfiguration;
			baseConfigurationReference = 3AAF525B1AA95EF41F318493 /* Pods-AdFixusMobileFrameworkTest.debug.xcconfig */;
			buildSettings = {
				ASSETCATALOG_COMPILER_APPICON_NAME = AppIcon;
				ASSETCATALOG_COMPILER_GLOBAL_ACCENT_COLOR_NAME = AccentColor;
				CODE_SIGN_STYLE = Automatic;
				CURRENT_PROJECT_VERSION = 1;
				DEVELOPMENT_ASSET_PATHS = "";
				ENABLE_PREVIEWS = NO;
				GENERATE_INFOPLIST_FILE = YES;
				INFOPLIST_FILE = AdFixusMobileFrameworkTest/Info.plist;
				INFOPLIST_KEY_CFBundleDisplayName = AdFixusMobileFrameworkTest;
				INFOPLIST_KEY_UIApplicationSupportsIndirectInputEvents = YES;
				INFOPLIST_KEY_UILaunchStoryboardName = LaunchScreen;
				INFOPLIST_KEY_UIMainStoryboardFile = Main;
				INFOPLIST_KEY_UISupportedInterfaceOrientations_iPad = "UIInterfaceOrientationPortrait UIInterfaceOrientationPortraitUpsideDown UIInterfaceOrientationLandscapeLeft UIInterfaceOrientationLandscapeRight";
				INFOPLIST_KEY_UISupportedInterfaceOrientations_iPhone = "UIInterfaceOrientationPortrait UIInterfaceOrientationLandscapeLeft UIInterfaceOrientationLandscapeRight";
				IPHONEOS_DEPLOYMENT_TARGET = 13.0;
				LD_RUNPATH_SEARCH_PATHS = (
					"$(inherited)",
					"@executable_path/Frameworks",
				);
				LIBRARY_SEARCH_PATHS = (
					"$(inhertied)",
					"$(PROJECT_DIR)",
				);
				MARKETING_VERSION = 1.0;
				PRODUCT_BUNDLE_IDENTIFIER = com.carsales.Carsales;
				PRODUCT_NAME = "$(TARGET_NAME)";
				SWIFT_EMIT_LOC_STRINGS = YES;
				SWIFT_VERSION = 5.0;
				TARGETED_DEVICE_FAMILY = "1,2";
			};
			name = Debug;
		};
		A91774A52844654200ECA38B /* Release */ = {
			isa = XCBuildConfiguration;
			baseConfigurationReference = 7AE275AD196F11976DA3A6E2 /* Pods-AdFixusMobileFrameworkTest.release.xcconfig */;
			buildSettings = {
				ASSETCATALOG_COMPILER_APPICON_NAME = AppIcon;
				ASSETCATALOG_COMPILER_GLOBAL_ACCENT_COLOR_NAME = AccentColor;
				CODE_SIGN_STYLE = Automatic;
				CURRENT_PROJECT_VERSION = 1;
				DEVELOPMENT_ASSET_PATHS = "";
				ENABLE_PREVIEWS = NO;
				GENERATE_INFOPLIST_FILE = YES;
				INFOPLIST_FILE = AdFixusMobileFrameworkTest/Info.plist;
				INFOPLIST_KEY_CFBundleDisplayName = AdFixusMobileFrameworkTest;
				INFOPLIST_KEY_UIApplicationSupportsIndirectInputEvents = YES;
				INFOPLIST_KEY_UILaunchStoryboardName = LaunchScreen;
				INFOPLIST_KEY_UIMainStoryboardFile = Main;
				INFOPLIST_KEY_UISupportedInterfaceOrientations_iPad = "UIInterfaceOrientationPortrait UIInterfaceOrientationPortraitUpsideDown UIInterfaceOrientationLandscapeLeft UIInterfaceOrientationLandscapeRight";
				INFOPLIST_KEY_UISupportedInterfaceOrientations_iPhone = "UIInterfaceOrientationPortrait UIInterfaceOrientationLandscapeLeft UIInterfaceOrientationLandscapeRight";
				IPHONEOS_DEPLOYMENT_TARGET = 13.0;
				LD_RUNPATH_SEARCH_PATHS = (
					"$(inherited)",
					"@executable_path/Frameworks",
				);
				LIBRARY_SEARCH_PATHS = (
					"$(inhertied)",
					"$(PROJECT_DIR)",
				);
				MARKETING_VERSION = 1.0;
				PRODUCT_BUNDLE_IDENTIFIER = com.carsales.Carsales;
				PRODUCT_NAME = "$(TARGET_NAME)";
				SWIFT_EMIT_LOC_STRINGS = YES;
				SWIFT_VERSION = 5.0;
				TARGETED_DEVICE_FAMILY = "1,2";
			};
			name = Release;
		};
/* End XCBuildConfiguration section */

/* Begin XCConfigurationList section */
		A91774902844654100ECA38B /* Build configuration list for PBXProject "AdFixusMobileFrameworkTest" */ = {
			isa = XCConfigurationList;
			buildConfigurations = (
				A91774A12844654200ECA38B /* Debug */,
				A91774A22844654200ECA38B /* Release */,
			);
			defaultConfigurationIsVisible = 0;
			defaultConfigurationName = Release;
		};
		A91774A32844654200ECA38B /* Build configuration list for PBXNativeTarget "AdFixusMobileFrameworkTest" */ = {
			isa = XCConfigurationList;
			buildConfigurations = (
				A91774A42844654200ECA38B /* Debug */,
				A91774A52844654200ECA38B /* Release */,
			);
			defaultConfigurationIsVisible = 0;
			defaultConfigurationName = Release;
		};
/* End XCConfigurationList section */
	};
	rootObject = A917748D2844654100ECA38B /* Project object */;
}
